// !$*UTF8*$!
{
	archiveVersion = 1;
	classes = {
	};
	objectVersion = 50;
	objects = {

/* Begin PBXBuildFile section */
		169C561B3BC365084541D12C /* Pods_DeviceStatusTests.framework in Frameworks */ = {isa = PBXBuildFile; fileRef = 84131C12BEA7D54A7D74A523 /* Pods_DeviceStatusTests.framework */; };
		60388F220EC5F71A66056F66 /* Pods_DeviceStatus.framework in Frameworks */ = {isa = PBXBuildFile; fileRef = 0890AEF28995A658FC8A3D20 /* Pods_DeviceStatus.framework */; };
		A81DF1BB22A6E7AA00815622 /* AppDelegate.swift in Sources */ = {isa = PBXBuildFile; fileRef = A81DF1BA22A6E7AA00815622 /* AppDelegate.swift */; };
		A81DF1C222A6E7AA00815622 /* Main.storyboard in Resources */ = {isa = PBXBuildFile; fileRef = A81DF1C022A6E7AA00815622 /* Main.storyboard */; };
		A81DF1C422A6E7AA00815622 /* Assets.xcassets in Resources */ = {isa = PBXBuildFile; fileRef = A81DF1C322A6E7AA00815622 /* Assets.xcassets */; };
		A81DF1C722A6E7AA00815622 /* LaunchScreen.storyboard in Resources */ = {isa = PBXBuildFile; fileRef = A81DF1C522A6E7AA00815622 /* LaunchScreen.storyboard */; };
		A81DF1D222A6E7AA00815622 /* DeviceStatusTests.swift in Sources */ = {isa = PBXBuildFile; fileRef = A81DF1D122A6E7AA00815622 /* DeviceStatusTests.swift */; };
		A8C307E322A6E97100E6FA1C /* HistoryTableViewController.swift in Sources */ = {isa = PBXBuildFile; fileRef = A8C307E222A6E97100E6FA1C /* HistoryTableViewController.swift */; };
		A8C307E522A6EA0D00E6FA1C /* CurrentViewController.swift in Sources */ = {isa = PBXBuildFile; fileRef = A8C307E422A6EA0D00E6FA1C /* CurrentViewController.swift */; };
		A8C307E722A6EA2B00E6FA1C /* HistoricStatusTableViewController.swift in Sources */ = {isa = PBXBuildFile; fileRef = A8C307E622A6EA2B00E6FA1C /* HistoricStatusTableViewController.swift */; };
		A8D3DCD022A7061500397591 /* DeviceStatusManager.swift in Sources */ = {isa = PBXBuildFile; fileRef = A8D3DCCF22A7061500397591 /* DeviceStatusManager.swift */; };
		A8F0C66222A7C7FE00069260 /* UIDevice+hasNotch.swift in Sources */ = {isa = PBXBuildFile; fileRef = A8F0C66122A7C7FE00069260 /* UIDevice+hasNotch.swift */; };
/* End PBXBuildFile section */

/* Begin PBXContainerItemProxy section */
		A81DF1CE22A6E7AA00815622 /* PBXContainerItemProxy */ = {
			isa = PBXContainerItemProxy;
			containerPortal = A81DF1AF22A6E7AA00815622 /* Project object */;
			proxyType = 1;
			remoteGlobalIDString = A81DF1B622A6E7AA00815622;
			remoteInfo = DeviceStatus;
		};
/* End PBXContainerItemProxy section */

/* Begin PBXFileReference section */
		07C950675E82BC8BBC9D8BFB /* Pods-DeviceStatusTests.debug.xcconfig */ = {isa = PBXFileReference; includeInIndex = 1; lastKnownFileType = text.xcconfig; name = "Pods-DeviceStatusTests.debug.xcconfig"; path = "Pods/Target Support Files/Pods-DeviceStatusTests/Pods-DeviceStatusTests.debug.xcconfig"; sourceTree = "<group>"; };
		0890AEF28995A658FC8A3D20 /* Pods_DeviceStatus.framework */ = {isa = PBXFileReference; explicitFileType = wrapper.framework; includeInIndex = 0; path = Pods_DeviceStatus.framework; sourceTree = BUILT_PRODUCTS_DIR; };
		4D2C671146C33AAC9539197F /* Pods-DeviceStatusTests.release.xcconfig */ = {isa = PBXFileReference; includeInIndex = 1; lastKnownFileType = text.xcconfig; name = "Pods-DeviceStatusTests.release.xcconfig"; path = "Pods/Target Support Files/Pods-DeviceStatusTests/Pods-DeviceStatusTests.release.xcconfig"; sourceTree = "<group>"; };
		84131C12BEA7D54A7D74A523 /* Pods_DeviceStatusTests.framework */ = {isa = PBXFileReference; explicitFileType = wrapper.framework; includeInIndex = 0; path = Pods_DeviceStatusTests.framework; sourceTree = BUILT_PRODUCTS_DIR; };
		89FDD64B24A8B3880491D140 /* Pods-DeviceStatus.debug.xcconfig */ = {isa = PBXFileReference; includeInIndex = 1; lastKnownFileType = text.xcconfig; name = "Pods-DeviceStatus.debug.xcconfig"; path = "Pods/Target Support Files/Pods-DeviceStatus/Pods-DeviceStatus.debug.xcconfig"; sourceTree = "<group>"; };
		A81DF1B722A6E7AA00815622 /* DeviceStatus.app */ = {isa = PBXFileReference; explicitFileType = wrapper.application; includeInIndex = 0; path = DeviceStatus.app; sourceTree = BUILT_PRODUCTS_DIR; };
		A81DF1BA22A6E7AA00815622 /* AppDelegate.swift */ = {isa = PBXFileReference; lastKnownFileType = sourcecode.swift; path = AppDelegate.swift; sourceTree = "<group>"; };
		A81DF1C122A6E7AA00815622 /* Base */ = {isa = PBXFileReference; lastKnownFileType = file.storyboard; name = Base; path = Base.lproj/Main.storyboard; sourceTree = "<group>"; };
		A81DF1C322A6E7AA00815622 /* Assets.xcassets */ = {isa = PBXFileReference; lastKnownFileType = folder.assetcatalog; path = Assets.xcassets; sourceTree = "<group>"; };
		A81DF1C622A6E7AA00815622 /* Base */ = {isa = PBXFileReference; lastKnownFileType = file.storyboard; name = Base; path = Base.lproj/LaunchScreen.storyboard; sourceTree = "<group>"; };
		A81DF1C822A6E7AA00815622 /* Info.plist */ = {isa = PBXFileReference; lastKnownFileType = text.plist.xml; path = Info.plist; sourceTree = "<group>"; };
		A81DF1CD22A6E7AA00815622 /* DeviceStatusTests.xctest */ = {isa = PBXFileReference; explicitFileType = wrapper.cfbundle; includeInIndex = 0; path = DeviceStatusTests.xctest; sourceTree = BUILT_PRODUCTS_DIR; };
		A81DF1D122A6E7AA00815622 /* DeviceStatusTests.swift */ = {isa = PBXFileReference; lastKnownFileType = sourcecode.swift; path = DeviceStatusTests.swift; sourceTree = "<group>"; };
		A81DF1D322A6E7AA00815622 /* Info.plist */ = {isa = PBXFileReference; lastKnownFileType = text.plist.xml; path = Info.plist; sourceTree = "<group>"; };
		A8C307E222A6E97100E6FA1C /* HistoryTableViewController.swift */ = {isa = PBXFileReference; lastKnownFileType = sourcecode.swift; path = HistoryTableViewController.swift; sourceTree = "<group>"; };
		A8C307E422A6EA0D00E6FA1C /* CurrentViewController.swift */ = {isa = PBXFileReference; lastKnownFileType = sourcecode.swift; path = CurrentViewController.swift; sourceTree = "<group>"; };
		A8C307E622A6EA2B00E6FA1C /* HistoricStatusTableViewController.swift */ = {isa = PBXFileReference; lastKnownFileType = sourcecode.swift; path = HistoricStatusTableViewController.swift; sourceTree = "<group>"; };
		A8D3DCCF22A7061500397591 /* DeviceStatusManager.swift */ = {isa = PBXFileReference; lastKnownFileType = sourcecode.swift; path = DeviceStatusManager.swift; sourceTree = "<group>"; };
		A8F0C65E22A7B58D00069260 /* DeviceStatus.entitlements */ = {isa = PBXFileReference; lastKnownFileType = text.plist.entitlements; path = DeviceStatus.entitlements; sourceTree = "<group>"; };
		A8F0C66122A7C7FE00069260 /* UIDevice+hasNotch.swift */ = {isa = PBXFileReference; lastKnownFileType = sourcecode.swift; path = "UIDevice+hasNotch.swift"; sourceTree = "<group>"; };
		AA2741115E83BEB2674F478E /* Pods-DeviceStatus.release.xcconfig */ = {isa = PBXFileReference; includeInIndex = 1; lastKnownFileType = text.xcconfig; name = "Pods-DeviceStatus.release.xcconfig"; path = "Pods/Target Support Files/Pods-DeviceStatus/Pods-DeviceStatus.release.xcconfig"; sourceTree = "<group>"; };
/* End PBXFileReference section */

/* Begin PBXFrameworksBuildPhase section */
		A81DF1B422A6E7AA00815622 /* Frameworks */ = {
			isa = PBXFrameworksBuildPhase;
			buildActionMask = 2147483647;
			files = (
				60388F220EC5F71A66056F66 /* Pods_DeviceStatus.framework in Frameworks */,
			);
			runOnlyForDeploymentPostprocessing = 0;
		};
		A81DF1CA22A6E7AA00815622 /* Frameworks */ = {
			isa = PBXFrameworksBuildPhase;
			buildActionMask = 2147483647;
			files = (
				169C561B3BC365084541D12C /* Pods_DeviceStatusTests.framework in Frameworks */,
			);
			runOnlyForDeploymentPostprocessing = 0;
		};
/* End PBXFrameworksBuildPhase section */

/* Begin PBXGroup section */
		785AD1803D39C24B6C84807F /* Frameworks */ = {
			isa = PBXGroup;
			children = (
				0890AEF28995A658FC8A3D20 /* Pods_DeviceStatus.framework */,
				84131C12BEA7D54A7D74A523 /* Pods_DeviceStatusTests.framework */,
			);
			name = Frameworks;
			sourceTree = "<group>";
		};
		A81DF1AE22A6E7AA00815622 = {
			isa = PBXGroup;
			children = (
				A81DF1B922A6E7AA00815622 /* DeviceStatus */,
				A81DF1D022A6E7AA00815622 /* DeviceStatusTests */,
				A81DF1B822A6E7AA00815622 /* Products */,
				BA03BBB5DA4D6D8C264BD408 /* Pods */,
				785AD1803D39C24B6C84807F /* Frameworks */,
			);
			sourceTree = "<group>";
		};
		A81DF1B822A6E7AA00815622 /* Products */ = {
			isa = PBXGroup;
			children = (
				A81DF1B722A6E7AA00815622 /* DeviceStatus.app */,
				A81DF1CD22A6E7AA00815622 /* DeviceStatusTests.xctest */,
			);
			name = Products;
			sourceTree = "<group>";
		};
		A81DF1B922A6E7AA00815622 /* DeviceStatus */ = {
			isa = PBXGroup;
			children = (
				A8F0C65E22A7B58D00069260 /* DeviceStatus.entitlements */,
				A81DF1BA22A6E7AA00815622 /* AppDelegate.swift */,
				A8F0C66422A7E5A000069260 /* Managers */,
				A8F0C66322A7E58A00069260 /* Extensions */,
				A8C307E822A6EA3D00E6FA1C /* Table View Controllers */,
				A81DF1C022A6E7AA00815622 /* Main.storyboard */,
				A81DF1C322A6E7AA00815622 /* Assets.xcassets */,
				A81DF1C522A6E7AA00815622 /* LaunchScreen.storyboard */,
				A81DF1C822A6E7AA00815622 /* Info.plist */,
			);
			path = DeviceStatus;
			sourceTree = "<group>";
		};
		A81DF1D022A6E7AA00815622 /* DeviceStatusTests */ = {
			isa = PBXGroup;
			children = (
				A81DF1D122A6E7AA00815622 /* DeviceStatusTests.swift */,
				A81DF1D322A6E7AA00815622 /* Info.plist */,
			);
			path = DeviceStatusTests;
			sourceTree = "<group>";
		};
		A8C307E822A6EA3D00E6FA1C /* Table View Controllers */ = {
			isa = PBXGroup;
			children = (
				A8C307E422A6EA0D00E6FA1C /* CurrentViewController.swift */,
				A8C307E222A6E97100E6FA1C /* HistoryTableViewController.swift */,
				A8C307E622A6EA2B00E6FA1C /* HistoricStatusTableViewController.swift */,
			);
			path = "Table View Controllers";
			sourceTree = "<group>";
		};
		A8F0C66322A7E58A00069260 /* Extensions */ = {
			isa = PBXGroup;
			children = (
				A8F0C66122A7C7FE00069260 /* UIDevice+hasNotch.swift */,
			);
			path = Extensions;
			sourceTree = "<group>";
		};
		A8F0C66422A7E5A000069260 /* Managers */ = {
			isa = PBXGroup;
			children = (
				A8D3DCCF22A7061500397591 /* DeviceStatusManager.swift */,
			);
			path = Managers;
			sourceTree = "<group>";
		};
		BA03BBB5DA4D6D8C264BD408 /* Pods */ = {
			isa = PBXGroup;
			children = (
				89FDD64B24A8B3880491D140 /* Pods-DeviceStatus.debug.xcconfig */,
				AA2741115E83BEB2674F478E /* Pods-DeviceStatus.release.xcconfig */,
				07C950675E82BC8BBC9D8BFB /* Pods-DeviceStatusTests.debug.xcconfig */,
				4D2C671146C33AAC9539197F /* Pods-DeviceStatusTests.release.xcconfig */,
			);
			name = Pods;
			sourceTree = "<group>";
		};
/* End PBXGroup section */

/* Begin PBXNativeTarget section */
		A81DF1B622A6E7AA00815622 /* DeviceStatus */ = {
			isa = PBXNativeTarget;
			buildConfigurationList = A81DF1D622A6E7AA00815622 /* Build configuration list for PBXNativeTarget "DeviceStatus" */;
			buildPhases = (
				595FB8A191611AC01059CEF3 /* [CP] Check Pods Manifest.lock */,
				A81DF1B322A6E7AA00815622 /* Sources */,
				A81DF1B422A6E7AA00815622 /* Frameworks */,
				A81DF1B522A6E7AA00815622 /* Resources */,
				9AAC6C272B6BF0E26C36CA3D /* [CP] Embed Pods Frameworks */,
			);
			buildRules = (
			);
			dependencies = (
			);
			name = DeviceStatus;
			productName = DeviceStatus;
			productReference = A81DF1B722A6E7AA00815622 /* DeviceStatus.app */;
			productType = "com.apple.product-type.application";
		};
		A81DF1CC22A6E7AA00815622 /* DeviceStatusTests */ = {
			isa = PBXNativeTarget;
			buildConfigurationList = A81DF1D922A6E7AA00815622 /* Build configuration list for PBXNativeTarget "DeviceStatusTests" */;
			buildPhases = (
				138D2CC72DB6559750281C04 /* [CP] Check Pods Manifest.lock */,
				A81DF1C922A6E7AA00815622 /* Sources */,
				A81DF1CA22A6E7AA00815622 /* Frameworks */,
				A81DF1CB22A6E7AA00815622 /* Resources */,
				C77C897E179D10C08E015F76 /* [CP] Embed Pods Frameworks */,
			);
			buildRules = (
			);
			dependencies = (
				A81DF1CF22A6E7AA00815622 /* PBXTargetDependency */,
			);
			name = DeviceStatusTests;
			productName = DeviceStatusTests;
			productReference = A81DF1CD22A6E7AA00815622 /* DeviceStatusTests.xctest */;
			productType = "com.apple.product-type.bundle.unit-test";
		};
/* End PBXNativeTarget section */

/* Begin PBXProject section */
		A81DF1AF22A6E7AA00815622 /* Project object */ = {
			isa = PBXProject;
			attributes = {
				LastSwiftUpdateCheck = 1020;
				LastUpgradeCheck = 1020;
				ORGANIZATIONNAME = "Oliver Stowell";
				TargetAttributes = {
					A81DF1B622A6E7AA00815622 = {
						CreatedOnToolsVersion = 10.2.1;
						SystemCapabilities = {
							com.apple.AccessWiFi = {
								enabled = 0;
							};
							com.apple.HotspotConfiguration = {
								enabled = 0;
							};
							com.apple.NetworkExtensions.iOS = {
								enabled = 0;
							};
						};
					};
					A81DF1CC22A6E7AA00815622 = {
						CreatedOnToolsVersion = 10.2.1;
						TestTargetID = A81DF1B622A6E7AA00815622;
					};
				};
			};
			buildConfigurationList = A81DF1B222A6E7AA00815622 /* Build configuration list for PBXProject "DeviceStatus" */;
			compatibilityVersion = "Xcode 9.3";
			developmentRegion = en;
			hasScannedForEncodings = 0;
			knownRegions = (
				en,
				Base,
			);
			mainGroup = A81DF1AE22A6E7AA00815622;
			productRefGroup = A81DF1B822A6E7AA00815622 /* Products */;
			projectDirPath = "";
			projectRoot = "";
			targets = (
				A81DF1B622A6E7AA00815622 /* DeviceStatus */,
				A81DF1CC22A6E7AA00815622 /* DeviceStatusTests */,
			);
		};
/* End PBXProject section */

/* Begin PBXResourcesBuildPhase section */
		A81DF1B522A6E7AA00815622 /* Resources */ = {
			isa = PBXResourcesBuildPhase;
			buildActionMask = 2147483647;
			files = (
				A81DF1C722A6E7AA00815622 /* LaunchScreen.storyboard in Resources */,
				A81DF1C422A6E7AA00815622 /* Assets.xcassets in Resources */,
				A81DF1C222A6E7AA00815622 /* Main.storyboard in Resources */,
			);
			runOnlyForDeploymentPostprocessing = 0;
		};
		A81DF1CB22A6E7AA00815622 /* Resources */ = {
			isa = PBXResourcesBuildPhase;
			buildActionMask = 2147483647;
			files = (
			);
			runOnlyForDeploymentPostprocessing = 0;
		};
/* End PBXResourcesBuildPhase section */

/* Begin PBXShellScriptBuildPhase section */
		138D2CC72DB6559750281C04 /* [CP] Check Pods Manifest.lock */ = {
			isa = PBXShellScriptBuildPhase;
			buildActionMask = 2147483647;
			files = (
			);
			inputFileListPaths = (
			);
			inputPaths = (
				"${PODS_PODFILE_DIR_PATH}/Podfile.lock",
				"${PODS_ROOT}/Manifest.lock",
			);
			name = "[CP] Check Pods Manifest.lock";
			outputFileListPaths = (
			);
			outputPaths = (
				"$(DERIVED_FILE_DIR)/Pods-DeviceStatusTests-checkManifestLockResult.txt",
			);
			runOnlyForDeploymentPostprocessing = 0;
			shellPath = /bin/sh;
			shellScript = "diff \"${PODS_PODFILE_DIR_PATH}/Podfile.lock\" \"${PODS_ROOT}/Manifest.lock\" > /dev/null\nif [ $? != 0 ] ; then\n    # print error to STDERR\n    echo \"error: The sandbox is not in sync with the Podfile.lock. Run 'pod install' or update your CocoaPods installation.\" >&2\n    exit 1\nfi\n# This output is used by Xcode 'outputs' to avoid re-running this script phase.\necho \"SUCCESS\" > \"${SCRIPT_OUTPUT_FILE_0}\"\n";
			showEnvVarsInLog = 0;
		};
		595FB8A191611AC01059CEF3 /* [CP] Check Pods Manifest.lock */ = {
			isa = PBXShellScriptBuildPhase;
			buildActionMask = 2147483647;
			files = (
			);
			inputFileListPaths = (
			);
			inputPaths = (
				"${PODS_PODFILE_DIR_PATH}/Podfile.lock",
				"${PODS_ROOT}/Manifest.lock",
			);
			name = "[CP] Check Pods Manifest.lock";
			outputFileListPaths = (
			);
			outputPaths = (
				"$(DERIVED_FILE_DIR)/Pods-DeviceStatus-checkManifestLockResult.txt",
			);
			runOnlyForDeploymentPostprocessing = 0;
			shellPath = /bin/sh;
			shellScript = "diff \"${PODS_PODFILE_DIR_PATH}/Podfile.lock\" \"${PODS_ROOT}/Manifest.lock\" > /dev/null\nif [ $? != 0 ] ; then\n    # print error to STDERR\n    echo \"error: The sandbox is not in sync with the Podfile.lock. Run 'pod install' or update your CocoaPods installation.\" >&2\n    exit 1\nfi\n# This output is used by Xcode 'outputs' to avoid re-running this script phase.\necho \"SUCCESS\" > \"${SCRIPT_OUTPUT_FILE_0}\"\n";
			showEnvVarsInLog = 0;
		};
		9AAC6C272B6BF0E26C36CA3D /* [CP] Embed Pods Frameworks */ = {
			isa = PBXShellScriptBuildPhase;
			buildActionMask = 2147483647;
			files = (
			);
			inputFileListPaths = (
			);
			inputPaths = (
				"${SRCROOT}/Pods/Target Support Files/Pods-DeviceStatus/Pods-DeviceStatus-frameworks.sh",
				"${BUILT_PRODUCTS_DIR}/Realm/Realm.framework",
				"${BUILT_PRODUCTS_DIR}/RealmSwift/RealmSwift.framework",
			);
			name = "[CP] Embed Pods Frameworks";
			outputFileListPaths = (
			);
			outputPaths = (
				"${TARGET_BUILD_DIR}/${FRAMEWORKS_FOLDER_PATH}/Realm.framework",
				"${TARGET_BUILD_DIR}/${FRAMEWORKS_FOLDER_PATH}/RealmSwift.framework",
			);
			runOnlyForDeploymentPostprocessing = 0;
			shellPath = /bin/sh;
			shellScript = "\"${SRCROOT}/Pods/Target Support Files/Pods-DeviceStatus/Pods-DeviceStatus-frameworks.sh\"\n";
			showEnvVarsInLog = 0;
		};
		C77C897E179D10C08E015F76 /* [CP] Embed Pods Frameworks */ = {
			isa = PBXShellScriptBuildPhase;
			buildActionMask = 2147483647;
			files = (
			);
			inputFileListPaths = (
			);
			inputPaths = (
				"${SRCROOT}/Pods/Target Support Files/Pods-DeviceStatusTests/Pods-DeviceStatusTests-frameworks.sh",
				"${BUILT_PRODUCTS_DIR}/Realm/Realm.framework",
				"${BUILT_PRODUCTS_DIR}/RealmSwift/RealmSwift.framework",
			);
			name = "[CP] Embed Pods Frameworks";
			outputFileListPaths = (
			);
			outputPaths = (
				"${TARGET_BUILD_DIR}/${FRAMEWORKS_FOLDER_PATH}/Realm.framework",
				"${TARGET_BUILD_DIR}/${FRAMEWORKS_FOLDER_PATH}/RealmSwift.framework",
			);
			runOnlyForDeploymentPostprocessing = 0;
			shellPath = /bin/sh;
			shellScript = "\"${SRCROOT}/Pods/Target Support Files/Pods-DeviceStatusTests/Pods-DeviceStatusTests-frameworks.sh\"\n";
			showEnvVarsInLog = 0;
		};
/* End PBXShellScriptBuildPhase section */

/* Begin PBXSourcesBuildPhase section */
		A81DF1B322A6E7AA00815622 /* Sources */ = {
			isa = PBXSourcesBuildPhase;
			buildActionMask = 2147483647;
			files = (
				A8C307E322A6E97100E6FA1C /* HistoryTableViewController.swift in Sources */,
				A8C307E522A6EA0D00E6FA1C /* CurrentViewController.swift in Sources */,
				A8C307E722A6EA2B00E6FA1C /* HistoricStatusTableViewController.swift in Sources */,
				A8F0C66222A7C7FE00069260 /* UIDevice+hasNotch.swift in Sources */,
				A81DF1BB22A6E7AA00815622 /* AppDelegate.swift in Sources */,
				A8D3DCD022A7061500397591 /* DeviceStatusManager.swift in Sources */,
			);
			runOnlyForDeploymentPostprocessing = 0;
		};
		A81DF1C922A6E7AA00815622 /* Sources */ = {
			isa = PBXSourcesBuildPhase;
			buildActionMask = 2147483647;
			files = (
				A81DF1D222A6E7AA00815622 /* DeviceStatusTests.swift in Sources */,
			);
			runOnlyForDeploymentPostprocessing = 0;
		};
/* End PBXSourcesBuildPhase section */

/* Begin PBXTargetDependency section */
		A81DF1CF22A6E7AA00815622 /* PBXTargetDependency */ = {
			isa = PBXTargetDependency;
			target = A81DF1B622A6E7AA00815622 /* DeviceStatus */;
			targetProxy = A81DF1CE22A6E7AA00815622 /* PBXContainerItemProxy */;
		};
/* End PBXTargetDependency section */

/* Begin PBXVariantGroup section */
		A81DF1C022A6E7AA00815622 /* Main.storyboard */ = {
			isa = PBXVariantGroup;
			children = (
				A81DF1C122A6E7AA00815622 /* Base */,
			);
			name = Main.storyboard;
			sourceTree = "<group>";
		};
		A81DF1C522A6E7AA00815622 /* LaunchScreen.storyboard */ = {
			isa = PBXVariantGroup;
			children = (
				A81DF1C622A6E7AA00815622 /* Base */,
			);
			name = LaunchScreen.storyboard;
			sourceTree = "<group>";
		};
/* End PBXVariantGroup section */

/* Begin XCBuildConfiguration section */
		A81DF1D422A6E7AA00815622 /* Debug */ = {
			isa = XCBuildConfiguration;
			buildSettings = {
				ALWAYS_SEARCH_USER_PATHS = NO;
				CLANG_ANALYZER_NONNULL = YES;
				CLANG_ANALYZER_NUMBER_OBJECT_CONVERSION = YES_AGGRESSIVE;
				CLANG_CXX_LANGUAGE_STANDARD = "gnu++14";
				CLANG_CXX_LIBRARY = "libc++";
				CLANG_ENABLE_MODULES = YES;
				CLANG_ENABLE_OBJC_ARC = YES;
				CLANG_ENABLE_OBJC_WEAK = YES;
				CLANG_WARN_BLOCK_CAPTURE_AUTORELEASING = YES;
				CLANG_WARN_BOOL_CONVERSION = YES;
				CLANG_WARN_COMMA = YES;
				CLANG_WARN_CONSTANT_CONVERSION = YES;
				CLANG_WARN_DEPRECATED_OBJC_IMPLEMENTATIONS = YES;
				CLANG_WARN_DIRECT_OBJC_ISA_USAGE = YES_ERROR;
				CLANG_WARN_DOCUMENTATION_COMMENTS = YES;
				CLANG_WARN_EMPTY_BODY = YES;
				CLANG_WARN_ENUM_CONVERSION = YES;
				CLANG_WARN_INFINITE_RECURSION = YES;
				CLANG_WARN_INT_CONVERSION = YES;
				CLANG_WARN_NON_LITERAL_NULL_CONVERSION = YES;
				CLANG_WARN_OBJC_IMPLICIT_RETAIN_SELF = YES;
				CLANG_WARN_OBJC_LITERAL_CONVERSION = YES;
				CLANG_WARN_OBJC_ROOT_CLASS = YES_ERROR;
				CLANG_WARN_RANGE_LOOP_ANALYSIS = YES;
				CLANG_WARN_STRICT_PROTOTYPES = YES;
				CLANG_WARN_SUSPICIOUS_MOVE = YES;
				CLANG_WARN_UNGUARDED_AVAILABILITY = YES_AGGRESSIVE;
				CLANG_WARN_UNREACHABLE_CODE = YES;
				CLANG_WARN__DUPLICATE_METHOD_MATCH = YES;
				CODE_SIGN_IDENTITY = "iPhone Developer";
				COPY_PHASE_STRIP = NO;
				DEBUG_INFORMATION_FORMAT = dwarf;
				ENABLE_STRICT_OBJC_MSGSEND = YES;
				ENABLE_TESTABILITY = YES;
				GCC_C_LANGUAGE_STANDARD = gnu11;
				GCC_DYNAMIC_NO_PIC = NO;
				GCC_NO_COMMON_BLOCKS = YES;
				GCC_OPTIMIZATION_LEVEL = 0;
				GCC_PREPROCESSOR_DEFINITIONS = (
					"DEBUG=1",
					"$(inherited)",
				);
				GCC_WARN_64_TO_32_BIT_CONVERSION = YES;
				GCC_WARN_ABOUT_RETURN_TYPE = YES_ERROR;
				GCC_WARN_UNDECLARED_SELECTOR = YES;
				GCC_WARN_UNINITIALIZED_AUTOS = YES_AGGRESSIVE;
				GCC_WARN_UNUSED_FUNCTION = YES;
				GCC_WARN_UNUSED_VARIABLE = YES;
				IPHONEOS_DEPLOYMENT_TARGET = 12.2;
				MTL_ENABLE_DEBUG_INFO = INCLUDE_SOURCE;
				MTL_FAST_MATH = YES;
				ONLY_ACTIVE_ARCH = YES;
				SDKROOT = iphoneos;
				SWIFT_ACTIVE_COMPILATION_CONDITIONS = DEBUG;
				SWIFT_OPTIMIZATION_LEVEL = "-Onone";
			};
			name = Debug;
		};
		A81DF1D522A6E7AA00815622 /* Release */ = {
			isa = XCBuildConfiguration;
			buildSettings = {
				ALWAYS_SEARCH_USER_PATHS = NO;
				CLANG_ANALYZER_NONNULL = YES;
				CLANG_ANALYZER_NUMBER_OBJECT_CONVERSION = YES_AGGRESSIVE;
				CLANG_CXX_LANGUAGE_STANDARD = "gnu++14";
				CLANG_CXX_LIBRARY = "libc++";
				CLANG_ENABLE_MODULES = YES;
				CLANG_ENABLE_OBJC_ARC = YES;
				CLANG_ENABLE_OBJC_WEAK = YES;
				CLANG_WARN_BLOCK_CAPTURE_AUTORELEASING = YES;
				CLANG_WARN_BOOL_CONVERSION = YES;
				CLANG_WARN_COMMA = YES;
				CLANG_WARN_CONSTANT_CONVERSION = YES;
				CLANG_WARN_DEPRECATED_OBJC_IMPLEMENTATIONS = YES;
				CLANG_WARN_DIRECT_OBJC_ISA_USAGE = YES_ERROR;
				CLANG_WARN_DOCUMENTATION_COMMENTS = YES;
				CLANG_WARN_EMPTY_BODY = YES;
				CLANG_WARN_ENUM_CONVERSION = YES;
				CLANG_WARN_INFINITE_RECURSION = YES;
				CLANG_WARN_INT_CONVERSION = YES;
				CLANG_WARN_NON_LITERAL_NULL_CONVERSION = YES;
				CLANG_WARN_OBJC_IMPLICIT_RETAIN_SELF = YES;
				CLANG_WARN_OBJC_LITERAL_CONVERSION = YES;
				CLANG_WARN_OBJC_ROOT_CLASS = YES_ERROR;
				CLANG_WARN_RANGE_LOOP_ANALYSIS = YES;
				CLANG_WARN_STRICT_PROTOTYPES = YES;
				CLANG_WARN_SUSPICIOUS_MOVE = YES;
				CLANG_WARN_UNGUARDED_AVAILABILITY = YES_AGGRESSIVE;
				CLANG_WARN_UNREACHABLE_CODE = YES;
				CLANG_WARN__DUPLICATE_METHOD_MATCH = YES;
				CODE_SIGN_IDENTITY = "iPhone Developer";
				COPY_PHASE_STRIP = NO;
				DEBUG_INFORMATION_FORMAT = "dwarf-with-dsym";
				ENABLE_NS_ASSERTIONS = NO;
				ENABLE_STRICT_OBJC_MSGSEND = YES;
				GCC_C_LANGUAGE_STANDARD = gnu11;
				GCC_NO_COMMON_BLOCKS = YES;
				GCC_WARN_64_TO_32_BIT_CONVERSION = YES;
				GCC_WARN_ABOUT_RETURN_TYPE = YES_ERROR;
				GCC_WARN_UNDECLARED_SELECTOR = YES;
				GCC_WARN_UNINITIALIZED_AUTOS = YES_AGGRESSIVE;
				GCC_WARN_UNUSED_FUNCTION = YES;
				GCC_WARN_UNUSED_VARIABLE = YES;
				IPHONEOS_DEPLOYMENT_TARGET = 12.2;
				MTL_ENABLE_DEBUG_INFO = NO;
				MTL_FAST_MATH = YES;
				SDKROOT = iphoneos;
				SWIFT_COMPILATION_MODE = wholemodule;
				SWIFT_OPTIMIZATION_LEVEL = "-O";
				VALIDATE_PRODUCT = YES;
			};
			name = Release;
		};
		A81DF1D722A6E7AA00815622 /* Debug */ = {
			isa = XCBuildConfiguration;
			baseConfigurationReference = 89FDD64B24A8B3880491D140 /* Pods-DeviceStatus.debug.xcconfig */;
			buildSettings = {
				ASSETCATALOG_COMPILER_APPICON_NAME = AppIcon;
				CODE_SIGN_STYLE = Automatic;
				DEVELOPMENT_TEAM = G623QVPKJE;
				INFOPLIST_FILE = DeviceStatus/Info.plist;
				LD_RUNPATH_SEARCH_PATHS = (
					"$(inherited)",
					"@executable_path/Frameworks",
				);
				PRODUCT_BUNDLE_IDENTIFIER = uk.co.falloutfox.DeviceStatus;
				PRODUCT_NAME = "$(TARGET_NAME)";
				SWIFT_VERSION = 5.0;
				TARGETED_DEVICE_FAMILY = "1,2";
			};
			name = Debug;
		};
		A81DF1D822A6E7AA00815622 /* Release */ = {
			isa = XCBuildConfiguration;
			baseConfigurationReference = AA2741115E83BEB2674F478E /* Pods-DeviceStatus.release.xcconfig */;
			buildSettings = {
				ASSETCATALOG_COMPILER_APPICON_NAME = AppIcon;
				CODE_SIGN_STYLE = Automatic;
				DEVELOPMENT_TEAM = G623QVPKJE;
				INFOPLIST_FILE = DeviceStatus/Info.plist;
				LD_RUNPATH_SEARCH_PATHS = (
					"$(inherited)",
					"@executable_path/Frameworks",
				);
				PRODUCT_BUNDLE_IDENTIFIER = uk.co.falloutfox.DeviceStatus;
				PRODUCT_NAME = "$(TARGET_NAME)";
				SWIFT_VERSION = 5.0;
				TARGETED_DEVICE_FAMILY = "1,2";
			};
			name = Release;
		};
		A81DF1DA22A6E7AA00815622 /* Debug */ = {
			isa = XCBuildConfiguration;
			baseConfigurationReference = 07C950675E82BC8BBC9D8BFB /* Pods-DeviceStatusTests.debug.xcconfig */;
			buildSettings = {
				ALWAYS_EMBED_SWIFT_STANDARD_LIBRARIES = YES;
				BUNDLE_LOADER = "$(TEST_HOST)";
				CODE_SIGN_STYLE = Automatic;
				DEVELOPMENT_TEAM = G623QVPKJE;
				INFOPLIST_FILE = DeviceStatusTests/Info.plist;
				LD_RUNPATH_SEARCH_PATHS = (
					"$(inherited)",
					"@executable_path/Frameworks",
					"@loader_path/Frameworks",
				);
				PRODUCT_BUNDLE_IDENTIFIER = uk.co.falloutfox.DeviceStatusTests;
				PRODUCT_NAME = "$(TARGET_NAME)";
				SWIFT_VERSION = 5.0;
				TARGETED_DEVICE_FAMILY = "1,2";
				TEST_HOST = "$(BUILT_PRODUCTS_DIR)/DeviceStatus.app/DeviceStatus";
			};
			name = Debug;
		};
		A81DF1DB22A6E7AA00815622 /* Release */ = {
			isa = XCBuildConfiguration;
			baseConfigurationReference = 4D2C671146C33AAC9539197F /* Pods-DeviceStatusTests.release.xcconfig */;
			buildSettings = {
				ALWAYS_EMBED_SWIFT_STANDARD_LIBRARIES = YES;
				BUNDLE_LOADER = "$(TEST_HOST)";
				CODE_SIGN_STYLE = Automatic;
				DEVELOPMENT_TEAM = G623QVPKJE;
				INFOPLIST_FILE = DeviceStatusTests/Info.plist;
				LD_RUNPATH_SEARCH_PATHS = (
					"$(inherited)",
					"@executable_path/Frameworks",
					"@loader_path/Frameworks",
				);
				PRODUCT_BUNDLE_IDENTIFIER = uk.co.falloutfox.DeviceStatusTests;
				PRODUCT_NAME = "$(TARGET_NAME)";
				SWIFT_VERSION = 5.0;
				TARGETED_DEVICE_FAMILY = "1,2";
				TEST_HOST = "$(BUILT_PRODUCTS_DIR)/DeviceStatus.app/DeviceStatus";
			};
			name = Release;
		};
/* End XCBuildConfiguration section */

/* Begin XCConfigurationList section */
		A81DF1B222A6E7AA00815622 /* Build configuration list for PBXProject "DeviceStatus" */ = {
			isa = XCConfigurationList;
			buildConfigurations = (
				A81DF1D422A6E7AA00815622 /* Debug */,
				A81DF1D522A6E7AA00815622 /* Release */,
			);
			defaultConfigurationIsVisible = 0;
			defaultConfigurationName = Release;
		};
		A81DF1D622A6E7AA00815622 /* Build configuration list for PBXNativeTarget "DeviceStatus" */ = {
			isa = XCConfigurationList;
			buildConfigurations = (
				A81DF1D722A6E7AA00815622 /* Debug */,
				A81DF1D822A6E7AA00815622 /* Release */,
			);
			defaultConfigurationIsVisible = 0;
			defaultConfigurationName = Release;
		};
		A81DF1D922A6E7AA00815622 /* Build configuration list for PBXNativeTarget "DeviceStatusTests" */ = {
			isa = XCConfigurationList;
			buildConfigurations = (
				A81DF1DA22A6E7AA00815622 /* Debug */,
				A81DF1DB22A6E7AA00815622 /* Release */,
			);
			defaultConfigurationIsVisible = 0;
			defaultConfigurationName = Release;
		};
/* End XCConfigurationList section */
	};
	rootObject = A81DF1AF22A6E7AA00815622 /* Project object */;
}
